
Microsoft Visual Studio Solution File, Format Version 11.00
# Visual Studio 2010
Project("{FAE04EC0-301F-11D3-BF4B-00C04F79EFBC}") = "zmn", "zmn\zmn.csproj", "{B5A73508-7EA7-4223-B69D-9D8081AE4A29}"
EndProject
Project("{FAE04EC0-301F-11D3-BF4B-00C04F79EFBC}") = "zmn.Specifications", "zmn.Specifications\zmn.Specifications.csproj", "{86EA3A41-0497-4450-8BEA-5E92FD4276F5}"
EndProject
Global
	GlobalSection(SolutionConfigurationPlatforms) = preSolution
		Debug|Any CPU = Debug|Any CPU
		Release|Any CPU = Release|Any CPU
	EndGlobalSection
	GlobalSection(ProjectConfigurationPlatforms) = postSolution
		{B5A73508-7EA7-4223-B69D-9D8081AE4A29}.Debug|Any CPU.ActiveCfg = Debug|Any CPU
		{B5A73508-7EA7-4223-B69D-9D8081AE4A29}.Debug|Any CPU.Build.0 = Debug|Any CPU
		{B5A73508-7EA7-4223-B69D-9D8081AE4A29}.Release|Any CPU.ActiveCfg = Release|Any CPU
		{B5A73508-7EA7-4223-B69D-9D8081AE4A29}.Release|Any CPU.Build.0 = Release|Any CPU
		{86EA3A41-0497-4450-8BEA-5E92FD4276F5}.Debug|Any CPU.ActiveCfg = Debug|Any CPU
		{86EA3A41-0497-4450-8BEA-5E92FD4276F5}.Debug|Any CPU.Build.0 = Debug|Any CPU
		{86EA3A41-0497-4450-8BEA-5E92FD4276F5}.Release|Any CPU.ActiveCfg = Release|Any CPU
		{86EA3A41-0497-4450-8BEA-5E92FD4276F5}.Release|Any CPU.Build.0 = Release|Any CPU
	EndGlobalSection
	GlobalSection(SolutionProperties) = preSolution
		HideSolutionNode = FALSE
	EndGlobalSection
EndGlobal
